
Microsoft Visual Studio Solution File, Format Version 12.00
# Visual Studio Version 17
VisualStudioVersion = 17.5.33530.505
MinimumVisualStudioVersion = 10.0.40219.1
Project("{FAE04EC0-301F-11D3-BF4B-00C04F79EFBC}") = "RLP", "RLP\RLP.csproj", "{8861CC0F-2658-4C65-8408-50C6785113B5}"
EndProject
Global
	GlobalSection(SolutionConfigurationPlatforms) = preSolution
		Debug|Any CPU = Debug|Any CPU
		Release|Any CPU = Release|Any CPU
	EndGlobalSection
	GlobalSection(ProjectConfigurationPlatforms) = postSolution
		{8861CC0F-2658-4C65-8408-50C6785113B5}.Debug|Any CPU.ActiveCfg = Debug|Any CPU
		{8861CC0F-2658-4C65-8408-50C6785113B5}.Debug|Any CPU.Build.0 = Debug|Any CPU
		{8861CC0F-2658-4C65-8408-50C6785113B5}.Release|Any CPU.ActiveCfg = Release|Any CPU
		{8861CC0F-2658-4C65-8408-50C6785113B5}.Release|Any CPU.Build.0 = Release|Any CPU
	EndGlobalSection
	GlobalSection(SolutionProperties) = preSolution
		HideSolutionNode = FALSE
	EndGlobalSection
	GlobalSection(ExtensibilityGlobals) = postSolution
		SolutionGuid = {E3AF561F-B191-4954-B7DE-B93341DA5541}
	EndGlobalSection
EndGlobal
